// !$*UTF8*$!
{
	archiveVersion = 1;
	classes = {
	};
	objectVersion = 77;
	objects = {

/* Begin PBXBuildFile section */
		C0C1A5D52F390B8B00CC99FB /* GoogleSignIn in Frameworks */ = {isa = PBXBuildFile; productRef = C0C1A5D42F390B8B00CC99FB /* GoogleSignIn */; };
		C0C1A5D72F390B9100CC99FB /* GoogleSignInSwift in Frameworks */ = {isa = PBXBuildFile; productRef = C0C1A5D62F390B9100CC99FB /* GoogleSignInSwift */; };
/* End PBXBuildFile section */

/* Begin PBXContainerItemProxy section */
		C0C1A5772F38F6AC00CC99FB /* PBXContainerItemProxy */ = {
			isa = PBXContainerItemProxy;
			containerPortal = C0C1A5612F38F6AB00CC99FB /* Project object */;
			proxyType = 1;
			remoteGlobalIDString = C0C1A5682F38F6AB00CC99FB;
			remoteInfo = GYMMER;
		};
		C0C1A5812F38F6AC00CC99FB /* PBXContainerItemProxy */ = {
			isa = PBXContainerItemProxy;
			containerPortal = C0C1A5612F38F6AB00CC99FB /* Project object */;
			proxyType = 1;
			remoteGlobalIDString = C0C1A5682F38F6AB00CC99FB;
			remoteInfo = GYMMER;
		};
/* End PBXContainerItemProxy section */

/* Begin PBXFileReference section */
		C0C1A5692F38F6AB00CC99FB /* GYMMER.app */ = {isa = PBXFileReference; explicitFileType = wrapper.application; includeInIndex = 0; path = GYMMER.app; sourceTree = BUILT_PRODUCTS_DIR; };
		C0C1A5762F38F6AC00CC99FB /* GYMMERTests.xctest */ = {isa = PBXFileReference; explicitFileType = wrapper.cfbundle; includeInIndex = 0; path = GYMMERTests.xctest; sourceTree = BUILT_PRODUCTS_DIR; };
		C0C1A5802F38F6AC00CC99FB /* GYMMERUITests.xctest */ = {isa = PBXFileReference; explicitFileType = wrapper.cfbundle; includeInIndex = 0; path = GYMMERUITests.xctest; sourceTree = BUILT_PRODUCTS_DIR; };
/* End PBXFileReference section */

/* Begin PBXFileSystemSynchronizedBuildFileExceptionSet section */
		C0C1A5D22F39062800CC99FB /* Exceptions for "GYMMER" folder in "GYMMER" target */ = {
			isa = PBXFileSystemSynchronizedBuildFileExceptionSet;
			membershipExceptions = (
				Info.plist,
			);
			target = C0C1A5682F38F6AB00CC99FB /* GYMMER */;
		};
/* End PBXFileSystemSynchronizedBuildFileExceptionSet section */

/* Begin PBXFileSystemSynchronizedRootGroup section */
		C0C1A56B2F38F6AB00CC99FB /* GYMMER */ = {
			isa = PBXFileSystemSynchronizedRootGroup;
			exceptions = (
				C0C1A5D22F39062800CC99FB /* Exceptions for "GYMMER" folder in "GYMMER" target */,
			);
			path = GYMMER;
			sourceTree = "<group>";
		};
		C0C1A5792F38F6AC00CC99FB /* GYMMERTests */ = {
			isa = PBXFileSystemSynchronizedRootGroup;
			path = GYMMERTests;
			sourceTree = "<group>";
		};
		C0C1A5832F38F6AC00CC99FB /* GYMMERUITests */ = {
			isa = PBXFileSystemSynchronizedRootGroup;
			path = GYMMERUITests;
			sourceTree = "<group>";
		};
/* End PBXFileSystemSynchronizedRootGroup section */

/* Begin PBXFrameworksBuildPhase section */
		C0C1A5662F38F6AB00CC99FB /* Frameworks */ = {
			isa = PBXFrameworksBuildPhase;
			buildActionMask = 2147483647;
			files = (
				C0C1A5D52F390B8B00CC99FB /* GoogleSignIn in Frameworks */,
				C0C1A5D72F390B9100CC99FB /* GoogleSignInSwift in Frameworks */,
			);
			runOnlyForDeploymentPostprocessing = 0;
		};
		C0C1A5732F38F6AC00CC99FB /* Frameworks */ = {
			isa = PBXFrameworksBuildPhase;
			buildActionMask = 2147483647;
			files = (
			);
			runOnlyForDeploymentPostprocessing = 0;
		};
		C0C1A57D2F38F6AC00CC99FB /* Frameworks */ = {
			isa = PBXFrameworksBuildPhase;
			buildActionMask = 2147483647;
			files = (
			);
			runOnlyForDeploymentPostprocessing = 0;
		};
/* End PBXFrameworksBuildPhase section */

/* Begin PBXGroup section */
		C0C1A5602F38F6AB00CC99FB = {
			isa = PBXGroup;
			children = (
				C0C1A56B2F38F6AB00CC99FB /* GYMMER */,
				C0C1A5792F38F6AC00CC99FB /* GYMMERTests */,
				C0C1A5832F38F6AC00CC99FB /* GYMMERUITests */,
				C0C1A5D32F390B8B00CC99FB /* Frameworks */,
				C0C1A56A2F38F6AB00CC99FB /* Products */,
			);
			sourceTree = "<group>";
		};
		C0C1A56A2F38F6AB00CC99FB /* Products */ = {
			isa = PBXGroup;
			children = (
				C0C1A5692F38F6AB00CC99FB /* GYMMER.app */,
				C0C1A5762F38F6AC00CC99FB /* GYMMERTests.xctest */,
				C0C1A5802F38F6AC00CC99FB /* GYMMERUITests.xctest */,
			);
			name = Products;
			sourceTree = "<group>";
		};
		C0C1A5D32F390B8B00CC99FB /* Frameworks */ = {
			isa = PBXGroup;
			children = (
			);
			name = Frameworks;
			sourceTree = "<group>";
		};
/* End PBXGroup section */

/* Begin PBXNativeTarget section */
		C0C1A5682F38F6AB00CC99FB /* GYMMER */ = {
			isa = PBXNativeTarget;
			buildConfigurationList = C0C1A58A2F38F6AC00CC99FB /* Build configuration list for PBXNativeTarget "GYMMER" */;
			buildPhases = (
				C0C1A5652F38F6AB00CC99FB /* Sources */,
				C0C1A5662F38F6AB00CC99FB /* Frameworks */,
				C0C1A5672F38F6AB00CC99FB /* Resources */,
			);
			buildRules = (
			);
			dependencies = (
			);
			fileSystemSynchronizedGroups = (
				C0C1A56B2F38F6AB00CC99FB /* GYMMER */,
			);
			name = GYMMER;
			packageProductDependencies = (
				C0C1A5D42F390B8B00CC99FB /* GoogleSignIn */,
				C0C1A5D62F390B9100CC99FB /* GoogleSignInSwift */,
			);
			productName = GYMMER;
			productReference = C0C1A5692F38F6AB00CC99FB /* GYMMER.app */;
			productType = "com.apple.product-type.application";
		};
		C0C1A5752F38F6AC00CC99FB /* GYMMERTests */ = {
			isa = PBXNativeTarget;
			buildConfigurationList = C0C1A58D2F38F6AC00CC99FB /* Build configuration list for PBXNativeTarget "GYMMERTests" */;
			buildPhases = (
				C0C1A5722F38F6AC00CC99FB /* Sources */,
				C0C1A5732F38F6AC00CC99FB /* Frameworks */,
				C0C1A5742F38F6AC00CC99FB /* Resources */,
			);
			buildRules = (
			);
			dependencies = (
				C0C1A5782F38F6AC00CC99FB /* PBXTargetDependency */,
			);
			fileSystemSynchronizedGroups = (
				C0C1A5792F38F6AC00CC99FB /* GYMMERTests */,
			);
			name = GYMMERTests;
			packageProductDependencies = (
			);
			productName = GYMMERTests;
			productReference = C0C1A5762F38F6AC00CC99FB /* GYMMERTests.xctest */;
			productType = "com.apple.product-type.bundle.unit-test";
		};
		C0C1A57F2F38F6AC00CC99FB /* GYMMERUITests */ = {
			isa = PBXNativeTarget;
			buildConfigurationList = C0C1A5902F38F6AC00CC99FB /* Build configuration list for PBXNativeTarget "GYMMERUITests" */;
			buildPhases = (
				C0C1A57C2F38F6AC00CC99FB /* Sources */,
				C0C1A57D2F38F6AC00CC99FB /* Frameworks */,
				C0C1A57E2F38F6AC00CC99FB /* Resources */,
			);
			buildRules = (
			);
			dependencies = (
				C0C1A5822F38F6AC00CC99FB /* PBXTargetDependency */,
			);
			fileSystemSynchronizedGroups = (
				C0C1A5832F38F6AC00CC99FB /* GYMMERUITests */,
			);
			name = GYMMERUITests;
			packageProductDependencies = (
			);
			productName = GYMMERUITests;
			productReference = C0C1A5802F38F6AC00CC99FB /* GYMMERUITests.xctest */;
			productType = "com.apple.product-type.bundle.ui-testing";
		};
/* End PBXNativeTarget section */

/* Begin PBXProject section */
		C0C1A5612F38F6AB00CC99FB /* Project object */ = {
			isa = PBXProject;
			attributes = {
				BuildIndependentTargetsInParallel = 1;
				LastSwiftUpdateCheck = 2620;
				LastUpgradeCheck = 2620;
				TargetAttributes = {
					C0C1A5682F38F6AB00CC99FB = {
						CreatedOnToolsVersion = 26.2;
					};
					C0C1A5752F38F6AC00CC99FB = {
						CreatedOnToolsVersion = 26.2;
						TestTargetID = C0C1A5682F38F6AB00CC99FB;
					};
					C0C1A57F2F38F6AC00CC99FB = {
						CreatedOnToolsVersion = 26.2;
						TestTargetID = C0C1A5682F38F6AB00CC99FB;
					};
				};
			};
			buildConfigurationList = C0C1A5642F38F6AB00CC99FB /* Build configuration list for PBXProject "GYMMER" */;
			developmentRegion = en;
			hasScannedForEncodings = 0;
			knownRegions = (
				en,
				Base,
			);
			mainGroup = C0C1A5602F38F6AB00CC99FB;
			minimizedProjectReferenceProxies = 1;
			packageReferences = (
				C0C1A5952F38FC4E00CC99FB /* XCRemoteSwiftPackageReference "GoogleSignIn-iOS" */,
			);
			preferredProjectObjectVersion = 77;
			productRefGroup = C0C1A56A2F38F6AB00CC99FB /* Products */;
			projectDirPath = "";
			projectRoot = "";
			targets = (
				C0C1A5682F38F6AB00CC99FB /* GYMMER */,
				C0C1A5752F38F6AC00CC99FB /* GYMMERTests */,
				C0C1A57F2F38F6AC00CC99FB /* GYMMERUITests */,
			);
		};
/* End PBXProject section */

/* Begin PBXResourcesBuildPhase section */
		C0C1A5672F38F6AB00CC99FB /* Resources */ = {
			isa = PBXResourcesBuildPhase;
			buildActionMask = 2147483647;
			files = (
			);
			runOnlyForDeploymentPostprocessing = 0;
		};
		C0C1A5742F38F6AC00CC99FB /* Resources */ = {
			isa = PBXResourcesBuildPhase;
			buildActionMask = 2147483647;
			files = (
			);
			runOnlyForDeploymentPostprocessing = 0;
		};
		C0C1A57E2F38F6AC00CC99FB /* Resources */ = {
			isa = PBXResourcesBuildPhase;
			buildActionMask = 2147483647;
			files = (
			);
			runOnlyForDeploymentPostprocessing = 0;
		};
/* End PBXResourcesBuildPhase section */

/* Begin PBXSourcesBuildPhase section */
		C0C1A5652F38F6AB00CC99FB /* Sources */ = {
			isa = PBXSourcesBuildPhase;
			buildActionMask = 2147483647;
			files = (
			);
			runOnlyForDeploymentPostprocessing = 0;
		};
		C0C1A5722F38F6AC00CC99FB /* Sources */ = {
			isa = PBXSourcesBuildPhase;
			buildActionMask = 2147483647;
			files = (
			);
			runOnlyForDeploymentPostprocessing = 0;
		};
		C0C1A57C2F38F6AC00CC99FB /* Sources */ = {
			isa = PBXSourcesBuildPhase;
			buildActionMask = 2147483647;
			files = (
			);
			runOnlyForDeploymentPostprocessing = 0;
		};
/* End PBXSourcesBuildPhase section */

/* Begin PBXTargetDependency section */
		C0C1A5782F38F6AC00CC99FB /* PBXTargetDependency */ = {
			isa = PBXTargetDependency;
			target = C0C1A5682F38F6AB00CC99FB /* GYMMER */;
			targetProxy = C0C1A5772F38F6AC00CC99FB /* PBXContainerItemProxy */;
		};
		C0C1A5822F38F6AC00CC99FB /* PBXTargetDependency */ = {
			isa = PBXTargetDependency;
			target = C0C1A5682F38F6AB00CC99FB /* GYMMER */;
			targetProxy = C0C1A5812F38F6AC00CC99FB /* PBXContainerItemProxy */;
		};
/* End PBXTargetDependency section */

/* Begin XCBuildConfiguration section */
		C0C1A5882F38F6AC00CC99FB /* Debug */ = {
			isa = XCBuildConfiguration;
			buildSettings = {
				ALWAYS_SEARCH_USER_PATHS = NO;
				ASSETCATALOG_COMPILER_GENERATE_SWIFT_ASSET_SYMBOL_EXTENSIONS = YES;
				CLANG_ANALYZER_NONNULL = YES;
				CLANG_ANALYZER_NUMBER_OBJECT_CONVERSION = YES_AGGRESSIVE;
				CLANG_CXX_LANGUAGE_STANDARD = "gnu++20";
				CLANG_ENABLE_MODULES = YES;
				CLANG_ENABLE_OBJC_ARC = YES;
				CLANG_ENABLE_OBJC_WEAK = YES;
				CLANG_WARN_BLOCK_CAPTURE_AUTORELEASING = YES;
				CLANG_WARN_BOOL_CONVERSION = YES;
				CLANG_WARN_COMMA = YES;
				CLANG_WARN_CONSTANT_CONVERSION = YES;
				CLANG_WARN_DEPRECATED_OBJC_IMPLEMENTATIONS = YES;
				CLANG_WARN_DIRECT_OBJC_ISA_USAGE = YES_ERROR;
				CLANG_WARN_DOCUMENTATION_COMMENTS = YES;
				CLANG_WARN_EMPTY_BODY = YES;
				CLANG_WARN_ENUM_CONVERSION = YES;
				CLANG_WARN_INFINITE_RECURSION = YES;
				CLANG_WARN_INT_CONVERSION = YES;
				CLANG_WARN_NON_LITERAL_NULL_CONVERSION = YES;
				CLANG_WARN_OBJC_IMPLICIT_RETAIN_SELF = YES;
				CLANG_WARN_OBJC_LITERAL_CONVERSION = YES;
				CLANG_WARN_OBJC_ROOT_CLASS = YES_ERROR;
				CLANG_WARN_QUOTED_INCLUDE_IN_FRAMEWORK_HEADER = YES;
				CLANG_WARN_RANGE_LOOP_ANALYSIS = YES;
				CLANG_WARN_STRICT_PROTOTYPES = YES;
				CLANG_WARN_SUSPICIOUS_MOVE = YES;
				CLANG_WARN_UNGUARDED_AVAILABILITY = YES_AGGRESSIVE;
				CLANG_WARN_UNREACHABLE_CODE = YES;
				CLANG_WARN__DUPLICATE_METHOD_MATCH = YES;
				COPY_PHASE_STRIP = NO;
				DEBUG_INFORMATION_FORMAT = dwarf;
				DEVELOPMENT_TEAM = P8UH6K6F4C;
				ENABLE_STRICT_OBJC_MSGSEND = YES;
				ENABLE_TESTABILITY = YES;
				ENABLE_USER_SCRIPT_SANDBOXING = YES;
				GCC_C_LANGUAGE_STANDARD = gnu17;
				GCC_DYNAMIC_NO_PIC = NO;
				GCC_NO_COMMON_BLOCKS = YES;
				GCC_OPTIMIZATION_LEVEL = 0;
				GCC_PREPROCESSOR_DEFINITIONS = (
					"DEBUG=1",
					"$(inherited)",
				);
				GCC_WARN_64_TO_32_BIT_CONVERSION = YES;
				GCC_WARN_ABOUT_RETURN_TYPE = YES_ERROR;
				GCC_WARN_UNDECLARED_SELECTOR = YES;
				GCC_WARN_UNINITIALIZED_AUTOS = YES_AGGRESSIVE;
				GCC_WARN_UNUSED_FUNCTION = YES;
				GCC_WARN_UNUSED_VARIABLE = YES;
				IPHONEOS_DEPLOYMENT_TARGET = 26.0;
				LOCALIZATION_PREFERS_STRING_CATALOGS = YES;
				MTL_ENABLE_DEBUG_INFO = INCLUDE_SOURCE;
				MTL_FAST_MATH = YES;
				ONLY_ACTIVE_ARCH = YES;
				SDKROOT = iphoneos;
				SWIFT_ACTIVE_COMPILATION_CONDITIONS = "DEBUG $(inherited)";
				SWIFT_OPTIMIZATION_LEVEL = "-Onone";
			};
			name = Debug;
		};
		C0C1A5892F38F6AC00CC99FB /* Release */ = {
			isa = XCBuildConfiguration;
			buildSettings = {
				ALWAYS_SEARCH_USER_PATHS = NO;
				ASSETCATALOG_COMPILER_GENERATE_SWIFT_ASSET_SYMBOL_EXTENSIONS = YES;
				CLANG_ANALYZER_NONNULL = YES;
				CLANG_ANALYZER_NUMBER_OBJECT_CONVERSION = YES_AGGRESSIVE;
				CLANG_CXX_LANGUAGE_STANDARD = "gnu++20";
				CLANG_ENABLE_MODULES = YES;
				CLANG_ENABLE_OBJC_ARC = YES;
				CLANG_ENABLE_OBJC_WEAK = YES;
				CLANG_WARN_BLOCK_CAPTURE_AUTORELEASING = YES;
				CLANG_WARN_BOOL_CONVERSION = YES;
				CLANG_WARN_COMMA = YES;
				CLANG_WARN_CONSTANT_CONVERSION = YES;
				CLANG_WARN_DEPRECATED_OBJC_IMPLEMENTATIONS = YES;
				CLANG_WARN_DIRECT_OBJC_ISA_USAGE = YES_ERROR;
				CLANG_WARN_DOCUMENTATION_COMMENTS = YES;
				CLANG_WARN_EMPTY_BODY = YES;
				CLANG_WARN_ENUM_CONVERSION = YES;
				CLANG_WARN_INFINITE_RECURSION = YES;
				CLANG_WARN_INT_CONVERSION = YES;
				CLANG_WARN_NON_LITERAL_NULL_CONVERSION = YES;
				CLANG_WARN_OBJC_IMPLICIT_RETAIN_SELF = YES;
				CLANG_WARN_OBJC_LITERAL_CONVERSION = YES;
				CLANG_WARN_OBJC_ROOT_CLASS = YES_ERROR;
				CLANG_WARN_QUOTED_INCLUDE_IN_FRAMEWORK_HEADER = YES;
				CLANG_WARN_RANGE_LOOP_ANALYSIS = YES;
				CLANG_WARN_STRICT_PROTOTYPES = YES;
				CLANG_WARN_SUSPICIOUS_MOVE = YES;
				CLANG_WARN_UNGUARDED_AVAILABILITY = YES_AGGRESSIVE;
				CLANG_WARN_UNREACHABLE_CODE = YES;
				CLANG_WARN__DUPLICATE_METHOD_MATCH = YES;
				COPY_PHASE_STRIP = NO;
				DEBUG_INFORMATION_FORMAT = "dwarf-with-dsym";
				DEVELOPMENT_TEAM = P8UH6K6F4C;
				ENABLE_NS_ASSERTIONS = NO;
				ENABLE_STRICT_OBJC_MSGSEND = YES;
				ENABLE_USER_SCRIPT_SANDBOXING = YES;
				GCC_C_LANGUAGE_STANDARD = gnu17;
				GCC_NO_COMMON_BLOCKS = YES;
				GCC_WARN_64_TO_32_BIT_CONVERSION = YES;
				GCC_WARN_ABOUT_RETURN_TYPE = YES_ERROR;
				GCC_WARN_UNDECLARED_SELECTOR = YES;
				GCC_WARN_UNINITIALIZED_AUTOS = YES_AGGRESSIVE;
				GCC_WARN_UNUSED_FUNCTION = YES;
				GCC_WARN_UNUSED_VARIABLE = YES;
				IPHONEOS_DEPLOYMENT_TARGET = 26.0;
				LOCALIZATION_PREFERS_STRING_CATALOGS = YES;
				MTL_ENABLE_DEBUG_INFO = NO;
				MTL_FAST_MATH = YES;
				SDKROOT = iphoneos;
				SWIFT_COMPILATION_MODE = wholemodule;
				VALIDATE_PRODUCT = YES;
			};
			name = Release;
		};
		C0C1A58B2F38F6AC00CC99FB /* Debug */ = {
			isa = XCBuildConfiguration;
			buildSettings = {
				ASSETCATALOG_COMPILER_APPICON_NAME = AppIcon;
				ASSETCATALOG_COMPILER_GLOBAL_ACCENT_COLOR_NAME = AccentColor;
				CODE_SIGN_STYLE = Automatic;
				CURRENT_PROJECT_VERSION = 1;
				DEVELOPMENT_TEAM = P8UH6K6F4C;
				ENABLE_PREVIEWS = YES;
				GENERATE_INFOPLIST_FILE = NO;
				INFOPLIST_FILE = GYMMER/Info.plist;
				INFOPLIST_KEY_UIApplicationSceneManifest_Generation = YES;
				INFOPLIST_KEY_UIApplicationSupportsIndirectInputEvents = YES;
				INFOPLIST_KEY_UILaunchScreen_Generation = YES;
				INFOPLIST_KEY_UISupportedInterfaceOrientations_iPad = "UIInterfaceOrientationPortrait UIInterfaceOrientationPortraitUpsideDown UIInterfaceOrientationLandscapeLeft UIInterfaceOrientationLandscapeRight";
				INFOPLIST_KEY_UISupportedInterfaceOrientations_iPhone = "UIInterfaceOrientationPortrait UIInterfaceOrientationLandscapeLeft UIInterfaceOrientationLandscapeRight";
				LD_RUNPATH_SEARCH_PATHS = (
					"$(inherited)",
					"@executable_path/Frameworks",
				);
				MARKETING_VERSION = 1.0;
				PRODUCT_BUNDLE_IDENTIFIER = com.devamshroff.gymmer;
				PRODUCT_NAME = "$(TARGET_NAME)";
				STRING_CATALOG_GENERATE_SYMBOLS = YES;
				SUPPORTED_PLATFORMS = "iphoneos iphonesimulator";
				SUPPORTS_MACCATALYST = NO;
				SUPPORTS_MAC_DESIGNED_FOR_IPHONE_IPAD = NO;
				SUPPORTS_XR_DESIGNED_FOR_IPHONE_IPAD = NO;
				SWIFT_APPROACHABLE_CONCURRENCY = YES;
				SWIFT_DEFAULT_ACTOR_ISOLATION = MainActor;
				SWIFT_EMIT_LOC_STRINGS = YES;
				SWIFT_UPCOMING_FEATURE_MEMBER_IMPORT_VISIBILITY = YES;
				SWIFT_VERSION = 5.0;
				TARGETED_DEVICE_FAMILY = "1,2";
			};
			name = Debug;
		};
		C0C1A58C2F38F6AC00CC99FB /* Release */ = {
			isa = XCBuildConfiguration;
			buildSettings = {
				ASSETCATALOG_COMPILER_APPICON_NAME = AppIcon;
				ASSETCATALOG_COMPILER_GLOBAL_ACCENT_COLOR_NAME = AccentColor;
				CODE_SIGN_STYLE = Automatic;
				CURRENT_PROJECT_VERSION = 1;
				DEVELOPMENT_TEAM = P8UH6K6F4C;
				ENABLE_PREVIEWS = YES;
				GENERATE_INFOPLIST_FILE = NO;
				INFOPLIST_FILE = GYMMER/Info.plist;
				INFOPLIST_KEY_UIApplicationSceneManifest_Generation = YES;
				INFOPLIST_KEY_UIApplicationSupportsIndirectInputEvents = YES;
				INFOPLIST_KEY_UILaunchScreen_Generation = YES;
				INFOPLIST_KEY_UISupportedInterfaceOrientations_iPad = "UIInterfaceOrientationPortrait UIInterfaceOrientationPortraitUpsideDown UIInterfaceOrientationLandscapeLeft UIInterfaceOrientationLandscapeRight";
				INFOPLIST_KEY_UISupportedInterfaceOrientations_iPhone = "UIInterfaceOrientationPortrait UIInterfaceOrientationLandscapeLeft UIInterfaceOrientationLandscapeRight";
				LD_RUNPATH_SEARCH_PATHS = (
					"$(inherited)",
					"@executable_path/Frameworks",
				);
				MARKETING_VERSION = 1.0;
				PRODUCT_BUNDLE_IDENTIFIER = com.devamshroff.gymmer;
				PRODUCT_NAME = "$(TARGET_NAME)";
				STRING_CATALOG_GENERATE_SYMBOLS = YES;
				SUPPORTED_PLATFORMS = "iphoneos iphonesimulator";
				SUPPORTS_MACCATALYST = NO;
				SUPPORTS_MAC_DESIGNED_FOR_IPHONE_IPAD = NO;
				SUPPORTS_XR_DESIGNED_FOR_IPHONE_IPAD = NO;
				SWIFT_APPROACHABLE_CONCURRENCY = YES;
				SWIFT_DEFAULT_ACTOR_ISOLATION = MainActor;
				SWIFT_EMIT_LOC_STRINGS = YES;
				SWIFT_UPCOMING_FEATURE_MEMBER_IMPORT_VISIBILITY = YES;
				SWIFT_VERSION = 5.0;
				TARGETED_DEVICE_FAMILY = "1,2";
			};
			name = Release;
		};
		C0C1A58E2F38F6AC00CC99FB /* Debug */ = {
			isa = XCBuildConfiguration;
			buildSettings = {
				BUNDLE_LOADER = "$(TEST_HOST)";
				CODE_SIGN_STYLE = Automatic;
				CURRENT_PROJECT_VERSION = 1;
				DEVELOPMENT_TEAM = P8UH6K6F4C;
				GENERATE_INFOPLIST_FILE = YES;
				IPHONEOS_DEPLOYMENT_TARGET = 26.0;
				MARKETING_VERSION = 1.0;
				PRODUCT_BUNDLE_IDENTIFIER = gymmer.GYMMERTests;
				PRODUCT_NAME = "$(TARGET_NAME)";
				STRING_CATALOG_GENERATE_SYMBOLS = NO;
				SWIFT_APPROACHABLE_CONCURRENCY = YES;
				SWIFT_EMIT_LOC_STRINGS = NO;
				SWIFT_UPCOMING_FEATURE_MEMBER_IMPORT_VISIBILITY = YES;
				SWIFT_VERSION = 5.0;
				TARGETED_DEVICE_FAMILY = "1,2";
				TEST_HOST = "$(BUILT_PRODUCTS_DIR)/GYMMER.app/$(BUNDLE_EXECUTABLE_FOLDER_PATH)/GYMMER";
			};
			name = Debug;
		};
		C0C1A58F2F38F6AC00CC99FB /* Release */ = {
			isa = XCBuildConfiguration;
			buildSettings = {
				BUNDLE_LOADER = "$(TEST_HOST)";
				CODE_SIGN_STYLE = Automatic;
				CURRENT_PROJECT_VERSION = 1;
				DEVELOPMENT_TEAM = P8UH6K6F4C;
				GENERATE_INFOPLIST_FILE = YES;
				IPHONEOS_DEPLOYMENT_TARGET = 26.0;
				MARKETING_VERSION = 1.0;
				PRODUCT_BUNDLE_IDENTIFIER = gymmer.GYMMERTests;
				PRODUCT_NAME = "$(TARGET_NAME)";
				STRING_CATALOG_GENERATE_SYMBOLS = NO;
				SWIFT_APPROACHABLE_CONCURRENCY = YES;
				SWIFT_EMIT_LOC_STRINGS = NO;
				SWIFT_UPCOMING_FEATURE_MEMBER_IMPORT_VISIBILITY = YES;
				SWIFT_VERSION = 5.0;
				TARGETED_DEVICE_FAMILY = "1,2";
				TEST_HOST = "$(BUILT_PRODUCTS_DIR)/GYMMER.app/$(BUNDLE_EXECUTABLE_FOLDER_PATH)/GYMMER";
			};
			name = Release;
		};
		C0C1A5912F38F6AC00CC99FB /* Debug */ = {
			isa = XCBuildConfiguration;
			buildSettings = {
				CODE_SIGN_STYLE = Automatic;
				CURRENT_PROJECT_VERSION = 1;
				DEVELOPMENT_TEAM = P8UH6K6F4C;
				GENERATE_INFOPLIST_FILE = YES;
				MARKETING_VERSION = 1.0;
				PRODUCT_BUNDLE_IDENTIFIER = gymmer.GYMMERUITests;
				PRODUCT_NAME = "$(TARGET_NAME)";
				STRING_CATALOG_GENERATE_SYMBOLS = NO;
				SWIFT_APPROACHABLE_CONCURRENCY = YES;
				SWIFT_EMIT_LOC_STRINGS = NO;
				SWIFT_UPCOMING_FEATURE_MEMBER_IMPORT_VISIBILITY = YES;
				SWIFT_VERSION = 5.0;
				TARGETED_DEVICE_FAMILY = "1,2";
				TEST_TARGET_NAME = GYMMER;
			};
			name = Debug;
		};
		C0C1A5922F38F6AC00CC99FB /* Release */ = {
			isa = XCBuildConfiguration;
			buildSettings = {
				CODE_SIGN_STYLE = Automatic;
				CURRENT_PROJECT_VERSION = 1;
				DEVELOPMENT_TEAM = P8UH6K6F4C;
				GENERATE_INFOPLIST_FILE = YES;
				MARKETING_VERSION = 1.0;
				PRODUCT_BUNDLE_IDENTIFIER = gymmer.GYMMERUITests;
				PRODUCT_NAME = "$(TARGET_NAME)";
				STRING_CATALOG_GENERATE_SYMBOLS = NO;
				SWIFT_APPROACHABLE_CONCURRENCY = YES;
				SWIFT_EMIT_LOC_STRINGS = NO;
				SWIFT_UPCOMING_FEATURE_MEMBER_IMPORT_VISIBILITY = YES;
				SWIFT_VERSION = 5.0;
				TARGETED_DEVICE_FAMILY = "1,2";
				TEST_TARGET_NAME = GYMMER;
			};
			name = Release;
		};
/* End XCBuildConfiguration section */

/* Begin XCConfigurationList section */
		C0C1A5642F38F6AB00CC99FB /* Build configuration list for PBXProject "GYMMER" */ = {
			isa = XCConfigurationList;
			buildConfigurations = (
				C0C1A5882F38F6AC00CC99FB /* Debug */,
				C0C1A5892F38F6AC00CC99FB /* Release */,
			);
			defaultConfigurationIsVisible = 0;
			defaultConfigurationName = Release;
		};
		C0C1A58A2F38F6AC00CC99FB /* Build configuration list for PBXNativeTarget "GYMMER" */ = {
			isa = XCConfigurationList;
			buildConfigurations = (
				C0C1A58B2F38F6AC00CC99FB /* Debug */,
				C0C1A58C2F38F6AC00CC99FB /* Release */,
			);
			defaultConfigurationIsVisible = 0;
			defaultConfigurationName = Release;
		};
		C0C1A58D2F38F6AC00CC99FB /* Build configuration list for PBXNativeTarget "GYMMERTests" */ = {
			isa = XCConfigurationList;
			buildConfigurations = (
				C0C1A58E2F38F6AC00CC99FB /* Debug */,
				C0C1A58F2F38F6AC00CC99FB /* Release */,
			);
			defaultConfigurationIsVisible = 0;
			defaultConfigurationName = Release;
		};
		C0C1A5902F38F6AC00CC99FB /* Build configuration list for PBXNativeTarget "GYMMERUITests" */ = {
			isa = XCConfigurationList;
			buildConfigurations = (
				C0C1A5912F38F6AC00CC99FB /* Debug */,
				C0C1A5922F38F6AC00CC99FB /* Release */,
			);
			defaultConfigurationIsVisible = 0;
			defaultConfigurationName = Release;
		};
/* End XCConfigurationList section */

/* Begin XCRemoteSwiftPackageReference section */
		C0C1A5952F38FC4E00CC99FB /* XCRemoteSwiftPackageReference "GoogleSignIn-iOS" */ = {
			isa = XCRemoteSwiftPackageReference;
			repositoryURL = "https://github.com/google/GoogleSignIn-iOS";
			requirement = {
				kind = upToNextMajorVersion;
				minimumVersion = 9.1.0;
			};
		};
/* End XCRemoteSwiftPackageReference section */

/* Begin XCSwiftPackageProductDependency section */
		C0C1A5D42F390B8B00CC99FB /* GoogleSignIn */ = {
			isa = XCSwiftPackageProductDependency;
			package = C0C1A5952F38FC4E00CC99FB /* XCRemoteSwiftPackageReference "GoogleSignIn-iOS" */;
			productName = GoogleSignIn;
		};
		C0C1A5D62F390B9100CC99FB /* GoogleSignInSwift */ = {
			isa = XCSwiftPackageProductDependency;
			package = C0C1A5952F38FC4E00CC99FB /* XCRemoteSwiftPackageReference "GoogleSignIn-iOS" */;
			productName = GoogleSignInSwift;
		};
/* End XCSwiftPackageProductDependency section */
	};
	rootObject = C0C1A5612F38F6AB00CC99FB /* Project object */;
}
